{
  "version": 4,
  "terraform_version": "1.9.6",
  "serial": 7,
  "lineage": "88bd2b45-0054-4c66-2f10-e128b6f68c6b",
  "outputs": {},
  "resources": [
    {
      "mode": "managed",
      "type": "local_file",
      "name": "example",
      "provider": "provider[\"registry.terraform.io/hashicorp/local\"]",
      "instances": [
        {
          "schema_version": 0,
          "attributes": {
            "content": "Hello, Terraform!\nTimestamp: 2024-10-06T06:50:11Z\nThis is a randomly generated ID: CyY83Dmo\nFile created in: .\n",
            "content_base64": null,
            "content_base64sha256": "U8TsgkEXfqZoRf4UCJ4Carp4mJvAjT9+QU1QJe9GWcc=",
            "content_base64sha512": "1JH6dOzkf+3Dvon47cS9Iqkrc0ZN8bZbVq+jT9KaHUgfPM4IxMS84xxINEdhFaR7w/zBsix63XSewSYgVizoJw==",
            "content_md5": "182a36db7e0239c279682378a62009f0",
            "content_sha1": "438c25bb02a10534510762b94b152f074fd2a51d",
            "content_sha256": "53c4ec8241177ea66845fe14089e026aba78989bc08d3f7e414d5025ef4659c7",
            "content_sha512": "d491fa74ece47fedc3be89f8edc4bd22a92b73464df1b65b56afa34fd29a1d481f3cce08c4c4bce31c4834476115a47bc3fcc1b22c7add749ec12620562ce827",
            "directory_permission": "0777",
            "file_permission": "0777",
            "filename": "./example_with_randomness.txt",
            "id": "438c25bb02a10534510762b94b152f074fd2a51d",
            "sensitive_content": null,
            "source": null
          },
          "sensitive_attributes": [
            [
              {
                "type": "get_attr",
                "value": "sensitive_content"
              }
            ]
          ],
          "dependencies": [
            "random_string.unique_id"
          ]
        }
      ]
    },
    {
      "mode": "managed",
      "type": "null_resource",
      "name": "execute_command",
      "provider": "provider[\"registry.terraform.io/hashicorp/null\"]",
      "instances": [
        {
          "schema_version": 0,
          "attributes": {
            "id": "4900766019973596665",
            "triggers": null
          },
          "sensitive_attributes": [],
          "dependencies": [
            "local_file.example",
            "random_string.unique_id"
          ]
        }
      ]
    },
    {
      "mode": "managed",
      "type": "random_string",
      "name": "unique_id",
      "provider": "provider[\"registry.terraform.io/hashicorp/random\"]",
      "instances": [
        {
          "schema_version": 2,
          "attributes": {
            "id": "CyY83Dmo",
            "keepers": null,
            "length": 8,
            "lower": true,
            "min_lower": 0,
            "min_numeric": 0,
            "min_special": 0,
            "min_upper": 0,
            "number": true,
            "numeric": true,
            "override_special": null,
            "result": "CyY83Dmo",
            "special": false,
            "upper": true
          },
          "sensitive_attributes": []
        }
      ]
    }
  ],
  "check_results": null
}
